
Microsoft Visual Studio Solution File, Format Version 12.00
# Visual Studio Version 17
VisualStudioVersion = 17.9.34728.123
MinimumVisualStudioVersion = 10.0.40219.1
Project("{2150E333-8FDC-42A3-9474-1A3956D46DE8}") = "Services", "Services", "{5FF90A1D-B825-4086-86F9-EA2128C68B98}"
EndProject
Project("{2150E333-8FDC-42A3-9474-1A3956D46DE8}") = "Catalog", "Catalog", "{20503F57-7524-481C-BA4D-B911F7592430}"
EndProject
Project("{9A19103F-16F7-4668-BE54-9A1E7A4F7556}") = "Catalog.API", "Services\Catalog\Catalog.API\Catalog.API.csproj", "{B2415B3B-A1F7-47FA-B23A-2ACDB21FC3B4}"
EndProject
Project("{2150E333-8FDC-42A3-9474-1A3956D46DE8}") = "BuildingBlocks", "BuildingBlocks", "{239B55F4-1DF0-4C9A-8667-8E23CC73E96A}"
EndProject
Project("{9A19103F-16F7-4668-BE54-9A1E7A4F7556}") = "BuildingBlocks", "BuildingBlocks\BuildingBlocks\BuildingBlocks.csproj", "{731FDA34-FB52-4FAC-A65C-7A0F7BF64F7F}"
EndProject
Project("{E53339B2-1760-4266-BCC7-CA923CBCF16C}") = "docker-compose", "docker-compose.dcproj", "{88C37B04-D0CE-47BA-876A-DA4A1EB0FD32}"
EndProject
Project("{2150E333-8FDC-42A3-9474-1A3956D46DE8}") = "Basket", "Basket", "{3C758933-2AC9-451C-AB2E-03C25CDD1AFA}"
EndProject
Project("{9A19103F-16F7-4668-BE54-9A1E7A4F7556}") = "Basket.API", "Services\Basket\Basket.API\Basket.API.csproj", "{092F44AB-5793-49F9-8EB9-47999D49C028}"
EndProject
Project("{2150E333-8FDC-42A3-9474-1A3956D46DE8}") = "Discount", "Discount", "{6EC917EC-0074-4041-8029-2FA266FB6E5E}"
EndProject
Project("{9A19103F-16F7-4668-BE54-9A1E7A4F7556}") = "Discount.Grpc", "Services\Discount\Discount.Grpc\Discount.Grpc.csproj", "{1E7B341A-D493-459E-BFD8-BAA76B3C968B}"
EndProject
Project("{2150E333-8FDC-42A3-9474-1A3956D46DE8}") = "Ordering", "Ordering", "{A4B5B29D-9234-45E8-A203-987B02EA1B5E}"
EndProject
Project("{9A19103F-16F7-4668-BE54-9A1E7A4F7556}") = "Ordering.API", "Services\Ordering\Ordering.API\Ordering.API.csproj", "{A9929757-A8D0-416C-85AA-D114E592BC87}"
EndProject
Project("{9A19103F-16F7-4668-BE54-9A1E7A4F7556}") = "Ordering.Domain", "Services\Ordering\Ordering.Domain\Ordering.Domain.csproj", "{A88C1703-476F-48F0-8DC1-51141DBE4A57}"
EndProject
Project("{9A19103F-16F7-4668-BE54-9A1E7A4F7556}") = "Ordering.Application", "Services\Ordering\Ordering.Application\Ordering.Application.csproj", "{C1475258-8092-492D-BF94-606D11FCB594}"
EndProject
Project("{9A19103F-16F7-4668-BE54-9A1E7A4F7556}") = "Ordering.Infrastructure", "Services\Ordering\Ordering.Infrastructure\Ordering.Infrastructure.csproj", "{34EB2E6B-A8BD-4B3D-933B-444116EDA463}"
EndProject
Project("{FAE04EC0-301F-11D3-BF4B-00C04F79EFBC}") = "BuildingBlocks.Messaging", "BuildingBlocks\BuildingBlocks.Messaging\BuildingBlocks.Messaging.csproj", "{0E8287EA-C11D-4EA6-AFA7-EE28442B9B7D}"
EndProject
Global
	GlobalSection(SolutionConfigurationPlatforms) = preSolution
		Debug|Any CPU = Debug|Any CPU
		Release|Any CPU = Release|Any CPU
	EndGlobalSection
	GlobalSection(ProjectConfigurationPlatforms) = postSolution
		{B2415B3B-A1F7-47FA-B23A-2ACDB21FC3B4}.Debug|Any CPU.ActiveCfg = Debug|Any CPU
		{B2415B3B-A1F7-47FA-B23A-2ACDB21FC3B4}.Debug|Any CPU.Build.0 = Debug|Any CPU
		{B2415B3B-A1F7-47FA-B23A-2ACDB21FC3B4}.Release|Any CPU.ActiveCfg = Release|Any CPU
		{B2415B3B-A1F7-47FA-B23A-2ACDB21FC3B4}.Release|Any CPU.Build.0 = Release|Any CPU
		{731FDA34-FB52-4FAC-A65C-7A0F7BF64F7F}.Debug|Any CPU.ActiveCfg = Debug|Any CPU
		{731FDA34-FB52-4FAC-A65C-7A0F7BF64F7F}.Debug|Any CPU.Build.0 = Debug|Any CPU
		{731FDA34-FB52-4FAC-A65C-7A0F7BF64F7F}.Release|Any CPU.ActiveCfg = Release|Any CPU
		{731FDA34-FB52-4FAC-A65C-7A0F7BF64F7F}.Release|Any CPU.Build.0 = Release|Any CPU
		{88C37B04-D0CE-47BA-876A-DA4A1EB0FD32}.Debug|Any CPU.ActiveCfg = Debug|Any CPU
		{88C37B04-D0CE-47BA-876A-DA4A1EB0FD32}.Debug|Any CPU.Build.0 = Debug|Any CPU
		{88C37B04-D0CE-47BA-876A-DA4A1EB0FD32}.Release|Any CPU.ActiveCfg = Release|Any CPU
		{88C37B04-D0CE-47BA-876A-DA4A1EB0FD32}.Release|Any CPU.Build.0 = Release|Any CPU
		{092F44AB-5793-49F9-8EB9-47999D49C028}.Debug|Any CPU.ActiveCfg = Debug|Any CPU
		{092F44AB-5793-49F9-8EB9-47999D49C028}.Debug|Any CPU.Build.0 = Debug|Any CPU
		{092F44AB-5793-49F9-8EB9-47999D49C028}.Release|Any CPU.ActiveCfg = Release|Any CPU
		{092F44AB-5793-49F9-8EB9-47999D49C028}.Release|Any CPU.Build.0 = Release|Any CPU
		{1E7B341A-D493-459E-BFD8-BAA76B3C968B}.Debug|Any CPU.ActiveCfg = Debug|Any CPU
		{1E7B341A-D493-459E-BFD8-BAA76B3C968B}.Debug|Any CPU.Build.0 = Debug|Any CPU
		{1E7B341A-D493-459E-BFD8-BAA76B3C968B}.Release|Any CPU.ActiveCfg = Release|Any CPU
		{1E7B341A-D493-459E-BFD8-BAA76B3C968B}.Release|Any CPU.Build.0 = Release|Any CPU
		{A9929757-A8D0-416C-85AA-D114E592BC87}.Debug|Any CPU.ActiveCfg = Debug|Any CPU
		{A9929757-A8D0-416C-85AA-D114E592BC87}.Debug|Any CPU.Build.0 = Debug|Any CPU
		{A9929757-A8D0-416C-85AA-D114E592BC87}.Release|Any CPU.ActiveCfg = Release|Any CPU
		{A9929757-A8D0-416C-85AA-D114E592BC87}.Release|Any CPU.Build.0 = Release|Any CPU
		{A88C1703-476F-48F0-8DC1-51141DBE4A57}.Debug|Any CPU.ActiveCfg = Debug|Any CPU
		{A88C1703-476F-48F0-8DC1-51141DBE4A57}.Debug|Any CPU.Build.0 = Debug|Any CPU
		{A88C1703-476F-48F0-8DC1-51141DBE4A57}.Release|Any CPU.ActiveCfg = Release|Any CPU
		{A88C1703-476F-48F0-8DC1-51141DBE4A57}.Release|Any CPU.Build.0 = Release|Any CPU
		{C1475258-8092-492D-BF94-606D11FCB594}.Debug|Any CPU.ActiveCfg = Debug|Any CPU
		{C1475258-8092-492D-BF94-606D11FCB594}.Debug|Any CPU.Build.0 = Debug|Any CPU
		{C1475258-8092-492D-BF94-606D11FCB594}.Release|Any CPU.ActiveCfg = Release|Any CPU
		{C1475258-8092-492D-BF94-606D11FCB594}.Release|Any CPU.Build.0 = Release|Any CPU
		{34EB2E6B-A8BD-4B3D-933B-444116EDA463}.Debug|Any CPU.ActiveCfg = Debug|Any CPU
		{34EB2E6B-A8BD-4B3D-933B-444116EDA463}.Debug|Any CPU.Build.0 = Debug|Any CPU
		{34EB2E6B-A8BD-4B3D-933B-444116EDA463}.Release|Any CPU.ActiveCfg = Release|Any CPU
		{34EB2E6B-A8BD-4B3D-933B-444116EDA463}.Release|Any CPU.Build.0 = Release|Any CPU
		{0E8287EA-C11D-4EA6-AFA7-EE28442B9B7D}.Debug|Any CPU.ActiveCfg = Debug|Any CPU
		{0E8287EA-C11D-4EA6-AFA7-EE28442B9B7D}.Debug|Any CPU.Build.0 = Debug|Any CPU
		{0E8287EA-C11D-4EA6-AFA7-EE28442B9B7D}.Release|Any CPU.ActiveCfg = Release|Any CPU
		{0E8287EA-C11D-4EA6-AFA7-EE28442B9B7D}.Release|Any CPU.Build.0 = Release|Any CPU
	EndGlobalSection
	GlobalSection(SolutionProperties) = preSolution
		HideSolutionNode = FALSE
	EndGlobalSection
	GlobalSection(NestedProjects) = preSolution
		{20503F57-7524-481C-BA4D-B911F7592430} = {5FF90A1D-B825-4086-86F9-EA2128C68B98}
		{B2415B3B-A1F7-47FA-B23A-2ACDB21FC3B4} = {20503F57-7524-481C-BA4D-B911F7592430}
		{731FDA34-FB52-4FAC-A65C-7A0F7BF64F7F} = {239B55F4-1DF0-4C9A-8667-8E23CC73E96A}
		{3C758933-2AC9-451C-AB2E-03C25CDD1AFA} = {5FF90A1D-B825-4086-86F9-EA2128C68B98}
		{092F44AB-5793-49F9-8EB9-47999D49C028} = {3C758933-2AC9-451C-AB2E-03C25CDD1AFA}
		{6EC917EC-0074-4041-8029-2FA266FB6E5E} = {5FF90A1D-B825-4086-86F9-EA2128C68B98}
		{1E7B341A-D493-459E-BFD8-BAA76B3C968B} = {6EC917EC-0074-4041-8029-2FA266FB6E5E}
		{A4B5B29D-9234-45E8-A203-987B02EA1B5E} = {5FF90A1D-B825-4086-86F9-EA2128C68B98}
		{A9929757-A8D0-416C-85AA-D114E592BC87} = {A4B5B29D-9234-45E8-A203-987B02EA1B5E}
		{A88C1703-476F-48F0-8DC1-51141DBE4A57} = {A4B5B29D-9234-45E8-A203-987B02EA1B5E}
		{C1475258-8092-492D-BF94-606D11FCB594} = {A4B5B29D-9234-45E8-A203-987B02EA1B5E}
		{34EB2E6B-A8BD-4B3D-933B-444116EDA463} = {A4B5B29D-9234-45E8-A203-987B02EA1B5E}
		{0E8287EA-C11D-4EA6-AFA7-EE28442B9B7D} = {239B55F4-1DF0-4C9A-8667-8E23CC73E96A}
	EndGlobalSection
	GlobalSection(ExtensibilityGlobals) = postSolution
		SolutionGuid = {C003681C-3CBB-4FE6-9292-93D864CD8842}
	EndGlobalSection
EndGlobal
